
Microsoft Visual Studio Solution File, Format Version 12.00
# Visual Studio Version 16
VisualStudioVersion = 16.0.30907.101
MinimumVisualStudioVersion = 10.0.40219.1
Project("{9A19103F-16F7-4668-BE54-9A1E7A4F7556}") = "KampIntro", "KampIntro\KampIntro.csproj", "{E8FBB616-AB2C-4CA5-BE42-CAFFABC5DCC1}"
EndProject
Project("{9A19103F-16F7-4668-BE54-9A1E7A4F7556}") = "Donguler", "Donguler\Donguler.csproj", "{2E836830-7FE1-4756-A70D-5050165E8D47}"
EndProject
Project("{9A19103F-16F7-4668-BE54-9A1E7A4F7556}") = "ClassIntro", "ClassIntro\ClassIntro.csproj", "{ECB2BB4F-3832-45ED-85AF-295FDFD3288E}"
EndProject
Project("{FAE04EC0-301F-11D3-BF4B-00C04F79EFBC}") = "Metotlar", "Metotlar\Metotlar.csproj", "{A9E9ED7D-8927-480D-8990-074453ED32D7}"
EndProject
Project("{FAE04EC0-301F-11D3-BF4B-00C04F79EFBC}") = "Matematik", "Matematik\Matematik.csproj", "{B56BA4EB-8C00-4390-9FCC-7CBAC3E04659}"
EndProject
Project("{FAE04EC0-301F-11D3-BF4B-00C04F79EFBC}") = "DegerVeReferansTipler", "DegerVeReferansTipler\DegerVeReferansTipler.csproj", "{6F95E138-9E08-43B3-804A-6978626B987C}"
EndProject
Global
	GlobalSection(SolutionConfigurationPlatforms) = preSolution
		Debug|Any CPU = Debug|Any CPU
		Release|Any CPU = Release|Any CPU
	EndGlobalSection
	GlobalSection(ProjectConfigurationPlatforms) = postSolution
		{E8FBB616-AB2C-4CA5-BE42-CAFFABC5DCC1}.Debug|Any CPU.ActiveCfg = Debug|Any CPU
		{E8FBB616-AB2C-4CA5-BE42-CAFFABC5DCC1}.Debug|Any CPU.Build.0 = Debug|Any CPU
		{E8FBB616-AB2C-4CA5-BE42-CAFFABC5DCC1}.Release|Any CPU.ActiveCfg = Release|Any CPU
		{E8FBB616-AB2C-4CA5-BE42-CAFFABC5DCC1}.Release|Any CPU.Build.0 = Release|Any CPU
		{2E836830-7FE1-4756-A70D-5050165E8D47}.Debug|Any CPU.ActiveCfg = Debug|Any CPU
		{2E836830-7FE1-4756-A70D-5050165E8D47}.Debug|Any CPU.Build.0 = Debug|Any CPU
		{2E836830-7FE1-4756-A70D-5050165E8D47}.Release|Any CPU.ActiveCfg = Release|Any CPU
		{2E836830-7FE1-4756-A70D-5050165E8D47}.Release|Any CPU.Build.0 = Release|Any CPU
		{ECB2BB4F-3832-45ED-85AF-295FDFD3288E}.Debug|Any CPU.ActiveCfg = Debug|Any CPU
		{ECB2BB4F-3832-45ED-85AF-295FDFD3288E}.Debug|Any CPU.Build.0 = Debug|Any CPU
		{ECB2BB4F-3832-45ED-85AF-295FDFD3288E}.Release|Any CPU.ActiveCfg = Release|Any CPU
		{ECB2BB4F-3832-45ED-85AF-295FDFD3288E}.Release|Any CPU.Build.0 = Release|Any CPU
		{A9E9ED7D-8927-480D-8990-074453ED32D7}.Debug|Any CPU.ActiveCfg = Debug|Any CPU
		{A9E9ED7D-8927-480D-8990-074453ED32D7}.Debug|Any CPU.Build.0 = Debug|Any CPU
		{A9E9ED7D-8927-480D-8990-074453ED32D7}.Release|Any CPU.ActiveCfg = Release|Any CPU
		{A9E9ED7D-8927-480D-8990-074453ED32D7}.Release|Any CPU.Build.0 = Release|Any CPU
		{B56BA4EB-8C00-4390-9FCC-7CBAC3E04659}.Debug|Any CPU.ActiveCfg = Debug|Any CPU
		{B56BA4EB-8C00-4390-9FCC-7CBAC3E04659}.Debug|Any CPU.Build.0 = Debug|Any CPU
		{B56BA4EB-8C00-4390-9FCC-7CBAC3E04659}.Release|Any CPU.ActiveCfg = Release|Any CPU
		{B56BA4EB-8C00-4390-9FCC-7CBAC3E04659}.Release|Any CPU.Build.0 = Release|Any CPU
		{6F95E138-9E08-43B3-804A-6978626B987C}.Debug|Any CPU.ActiveCfg = Debug|Any CPU
		{6F95E138-9E08-43B3-804A-6978626B987C}.Debug|Any CPU.Build.0 = Debug|Any CPU
		{6F95E138-9E08-43B3-804A-6978626B987C}.Release|Any CPU.ActiveCfg = Release|Any CPU
		{6F95E138-9E08-43B3-804A-6978626B987C}.Release|Any CPU.Build.0 = Release|Any CPU
	EndGlobalSection
	GlobalSection(SolutionProperties) = preSolution
		HideSolutionNode = FALSE
	EndGlobalSection
	GlobalSection(ExtensibilityGlobals) = postSolution
		SolutionGuid = {D1158B0B-699A-4A09-9AF9-F262737DBF5F}
	EndGlobalSection
EndGlobal
